
Microsoft Visual Studio Solution File, Format Version 12.00
# Visual Studio Version 17
VisualStudioVersion = 17.0.32014.148
MinimumVisualStudioVersion = 10.0.40219.1
Project("{FAE04EC0-301F-11D3-BF4B-00C04F79EFBC}") = "МатулевскаяПР12.Android", "МатулевскаяПР12\МатулевскаяПР12.Android\МатулевскаяПР12.Android.csproj", "{4CDAB900-E476-4CDB-A907-FDF294B0503E}"
EndProject
Project("{FAE04EC0-301F-11D3-BF4B-00C04F79EFBC}") = "МатулевскаяПР12.iOS", "МатулевскаяПР12\МатулевскаяПР12.iOS\МатулевскаяПР12.iOS.csproj", "{9E718EF5-F1CA-4CEC-973A-AE1979E29F9B}"
EndProject
Project("{FAE04EC0-301F-11D3-BF4B-00C04F79EFBC}") = "МатулевскаяПР12", "МатулевскаяПР12\МатулевскаяПР12\МатулевскаяПР12.csproj", "{29683DB3-99A8-4CB9-B9E9-7F64B187BEFB}"
EndProject
Global
	GlobalSection(SolutionConfigurationPlatforms) = preSolution
		Debug|Any CPU = Debug|Any CPU
		Debug|iPhone = Debug|iPhone
		Debug|iPhoneSimulator = Debug|iPhoneSimulator
		Release|Any CPU = Release|Any CPU
		Release|iPhone = Release|iPhone
		Release|iPhoneSimulator = Release|iPhoneSimulator
	EndGlobalSection
	GlobalSection(ProjectConfigurationPlatforms) = postSolution
		{4CDAB900-E476-4CDB-A907-FDF294B0503E}.Debug|Any CPU.ActiveCfg = Debug|Any CPU
		{4CDAB900-E476-4CDB-A907-FDF294B0503E}.Debug|Any CPU.Build.0 = Debug|Any CPU
		{4CDAB900-E476-4CDB-A907-FDF294B0503E}.Debug|Any CPU.Deploy.0 = Debug|Any CPU
		{4CDAB900-E476-4CDB-A907-FDF294B0503E}.Debug|iPhone.ActiveCfg = Debug|Any CPU
		{4CDAB900-E476-4CDB-A907-FDF294B0503E}.Debug|iPhone.Build.0 = Debug|Any CPU
		{4CDAB900-E476-4CDB-A907-FDF294B0503E}.Debug|iPhone.Deploy.0 = Debug|Any CPU
		{4CDAB900-E476-4CDB-A907-FDF294B0503E}.Debug|iPhoneSimulator.ActiveCfg = Debug|Any CPU
		{4CDAB900-E476-4CDB-A907-FDF294B0503E}.Debug|iPhoneSimulator.Build.0 = Debug|Any CPU
		{4CDAB900-E476-4CDB-A907-FDF294B0503E}.Debug|iPhoneSimulator.Deploy.0 = Debug|Any CPU
		{4CDAB900-E476-4CDB-A907-FDF294B0503E}.Release|Any CPU.ActiveCfg = Release|Any CPU
		{4CDAB900-E476-4CDB-A907-FDF294B0503E}.Release|Any CPU.Build.0 = Release|Any CPU
		{4CDAB900-E476-4CDB-A907-FDF294B0503E}.Release|Any CPU.Deploy.0 = Release|Any CPU
		{4CDAB900-E476-4CDB-A907-FDF294B0503E}.Release|iPhone.ActiveCfg = Release|Any CPU
		{4CDAB900-E476-4CDB-A907-FDF294B0503E}.Release|iPhone.Build.0 = Release|Any CPU
		{4CDAB900-E476-4CDB-A907-FDF294B0503E}.Release|iPhone.Deploy.0 = Release|Any CPU
		{4CDAB900-E476-4CDB-A907-FDF294B0503E}.Release|iPhoneSimulator.ActiveCfg = Release|Any CPU
		{4CDAB900-E476-4CDB-A907-FDF294B0503E}.Release|iPhoneSimulator.Build.0 = Release|Any CPU
		{4CDAB900-E476-4CDB-A907-FDF294B0503E}.Release|iPhoneSimulator.Deploy.0 = Release|Any CPU
		{9E718EF5-F1CA-4CEC-973A-AE1979E29F9B}.Debug|Any CPU.ActiveCfg = Debug|iPhone
		{9E718EF5-F1CA-4CEC-973A-AE1979E29F9B}.Debug|Any CPU.Build.0 = Debug|iPhone
		{9E718EF5-F1CA-4CEC-973A-AE1979E29F9B}.Debug|Any CPU.Deploy.0 = Debug|iPhone
		{9E718EF5-F1CA-4CEC-973A-AE1979E29F9B}.Debug|iPhone.ActiveCfg = Debug|iPhone
		{9E718EF5-F1CA-4CEC-973A-AE1979E29F9B}.Debug|iPhone.Build.0 = Debug|iPhone
		{9E718EF5-F1CA-4CEC-973A-AE1979E29F9B}.Debug|iPhone.Deploy.0 = Debug|iPhone
		{9E718EF5-F1CA-4CEC-973A-AE1979E29F9B}.Debug|iPhoneSimulator.ActiveCfg = Debug|iPhoneSimulator
		{9E718EF5-F1CA-4CEC-973A-AE1979E29F9B}.Debug|iPhoneSimulator.Build.0 = Debug|iPhoneSimulator
		{9E718EF5-F1CA-4CEC-973A-AE1979E29F9B}.Debug|iPhoneSimulator.Deploy.0 = Debug|iPhoneSimulator
		{9E718EF5-F1CA-4CEC-973A-AE1979E29F9B}.Release|Any CPU.ActiveCfg = Release|iPhoneSimulator
		{9E718EF5-F1CA-4CEC-973A-AE1979E29F9B}.Release|Any CPU.Build.0 = Release|iPhoneSimulator
		{9E718EF5-F1CA-4CEC-973A-AE1979E29F9B}.Release|Any CPU.Deploy.0 = Release|iPhoneSimulator
		{9E718EF5-F1CA-4CEC-973A-AE1979E29F9B}.Release|iPhone.ActiveCfg = Release|iPhone
		{9E718EF5-F1CA-4CEC-973A-AE1979E29F9B}.Release|iPhone.Build.0 = Release|iPhone
		{9E718EF5-F1CA-4CEC-973A-AE1979E29F9B}.Release|iPhone.Deploy.0 = Release|iPhone
		{9E718EF5-F1CA-4CEC-973A-AE1979E29F9B}.Release|iPhoneSimulator.ActiveCfg = Release|iPhoneSimulator
		{9E718EF5-F1CA-4CEC-973A-AE1979E29F9B}.Release|iPhoneSimulator.Build.0 = Release|iPhoneSimulator
		{9E718EF5-F1CA-4CEC-973A-AE1979E29F9B}.Release|iPhoneSimulator.Deploy.0 = Release|iPhoneSimulator
		{29683DB3-99A8-4CB9-B9E9-7F64B187BEFB}.Debug|Any CPU.ActiveCfg = Debug|Any CPU
		{29683DB3-99A8-4CB9-B9E9-7F64B187BEFB}.Debug|Any CPU.Build.0 = Debug|Any CPU
		{29683DB3-99A8-4CB9-B9E9-7F64B187BEFB}.Debug|Any CPU.Deploy.0 = Debug|Any CPU
		{29683DB3-99A8-4CB9-B9E9-7F64B187BEFB}.Debug|iPhone.ActiveCfg = Debug|Any CPU
		{29683DB3-99A8-4CB9-B9E9-7F64B187BEFB}.Debug|iPhone.Build.0 = Debug|Any CPU
		{29683DB3-99A8-4CB9-B9E9-7F64B187BEFB}.Debug|iPhone.Deploy.0 = Debug|Any CPU
		{29683DB3-99A8-4CB9-B9E9-7F64B187BEFB}.Debug|iPhoneSimulator.ActiveCfg = Debug|Any CPU
		{29683DB3-99A8-4CB9-B9E9-7F64B187BEFB}.Debug|iPhoneSimulator.Build.0 = Debug|Any CPU
		{29683DB3-99A8-4CB9-B9E9-7F64B187BEFB}.Debug|iPhoneSimulator.Deploy.0 = Debug|Any CPU
		{29683DB3-99A8-4CB9-B9E9-7F64B187BEFB}.Release|Any CPU.ActiveCfg = Release|Any CPU
		{29683DB3-99A8-4CB9-B9E9-7F64B187BEFB}.Release|Any CPU.Build.0 = Release|Any CPU
		{29683DB3-99A8-4CB9-B9E9-7F64B187BEFB}.Release|Any CPU.Deploy.0 = Release|Any CPU
		{29683DB3-99A8-4CB9-B9E9-7F64B187BEFB}.Release|iPhone.ActiveCfg = Release|Any CPU
		{29683DB3-99A8-4CB9-B9E9-7F64B187BEFB}.Release|iPhone.Build.0 = Release|Any CPU
		{29683DB3-99A8-4CB9-B9E9-7F64B187BEFB}.Release|iPhone.Deploy.0 = Release|Any CPU
		{29683DB3-99A8-4CB9-B9E9-7F64B187BEFB}.Release|iPhoneSimulator.ActiveCfg = Release|Any CPU
		{29683DB3-99A8-4CB9-B9E9-7F64B187BEFB}.Release|iPhoneSimulator.Build.0 = Release|Any CPU
		{29683DB3-99A8-4CB9-B9E9-7F64B187BEFB}.Release|iPhoneSimulator.Deploy.0 = Release|Any CPU
	EndGlobalSection
	GlobalSection(SolutionProperties) = preSolution
		HideSolutionNode = FALSE
	EndGlobalSection
	GlobalSection(ExtensibilityGlobals) = postSolution
		SolutionGuid = {A5F08F78-7C22-46AE-9CC3-EE92ABB10B9D}
	EndGlobalSection
EndGlobal
